// !$*UTF8*$!
{
	archiveVersion = 1;
	classes = {
	};
	objectVersion = 77;
	objects = {

/* Begin PBXContainerItemProxy section */
		F6727FF02CB37F51003ACF11 /* PBXContainerItemProxy */ = {
			isa = PBXContainerItemProxy;
			containerPortal = F6727FD12CB37F50003ACF11 /* Project object */;
			proxyType = 1;
			remoteGlobalIDString = F6727FD82CB37F50003ACF11;
			remoteInfo = PokoroWebApp;
		};
		F6727FFA2CB37F51003ACF11 /* PBXContainerItemProxy */ = {
			isa = PBXContainerItemProxy;
			containerPortal = F6727FD12CB37F50003ACF11 /* Project object */;
			proxyType = 1;
			remoteGlobalIDString = F6727FD82CB37F50003ACF11;
			remoteInfo = PokoroWebApp;
		};
/* End PBXContainerItemProxy section */

/* Begin PBXFileReference section */
		F6727FD92CB37F50003ACF11 /* PokoroWebApp.app */ = {isa = PBXFileReference; explicitFileType = wrapper.application; includeInIndex = 0; path = PokoroWebApp.app; sourceTree = BUILT_PRODUCTS_DIR; };
		F6727FEF2CB37F51003ACF11 /* PokoroWebAppTests.xctest */ = {isa = PBXFileReference; explicitFileType = wrapper.cfbundle; includeInIndex = 0; path = PokoroWebAppTests.xctest; sourceTree = BUILT_PRODUCTS_DIR; };
		F6727FF92CB37F51003ACF11 /* PokoroWebAppUITests.xctest */ = {isa = PBXFileReference; explicitFileType = wrapper.cfbundle; includeInIndex = 0; path = PokoroWebAppUITests.xctest; sourceTree = BUILT_PRODUCTS_DIR; };
/* End PBXFileReference section */

/* Begin PBXFileSystemSynchronizedBuildFileExceptionSet section */
		F67280012CB37F51003ACF11 /* Exceptions for "PokoroWebApp" folder in "PokoroWebApp" target */ = {
			isa = PBXFileSystemSynchronizedBuildFileExceptionSet;
			membershipExceptions = (
				Info.plist,
			);
			target = F6727FD82CB37F50003ACF11 /* PokoroWebApp */;
		};
/* End PBXFileSystemSynchronizedBuildFileExceptionSet section */

/* Begin PBXFileSystemSynchronizedRootGroup section */
		F6727FDB2CB37F50003ACF11 /* PokoroWebApp */ = {
			isa = PBXFileSystemSynchronizedRootGroup;
			exceptions = (
				F67280012CB37F51003ACF11 /* Exceptions for "PokoroWebApp" folder in "PokoroWebApp" target */,
			);
			path = PokoroWebApp;
			sourceTree = "<group>";
		};
		F6727FF22CB37F51003ACF11 /* PokoroWebAppTests */ = {
			isa = PBXFileSystemSynchronizedRootGroup;
			path = PokoroWebAppTests;
			sourceTree = "<group>";
		};
		F6727FFC2CB37F51003ACF11 /* PokoroWebAppUITests */ = {
			isa = PBXFileSystemSynchronizedRootGroup;
			path = PokoroWebAppUITests;
			sourceTree = "<group>";
		};
/* End PBXFileSystemSynchronizedRootGroup section */

/* Begin PBXFrameworksBuildPhase section */
		F6727FD62CB37F50003ACF11 /* Frameworks */ = {
			isa = PBXFrameworksBuildPhase;
			buildActionMask = 2147483647;
			files = (
			);
			runOnlyForDeploymentPostprocessing = 0;
		};
		F6727FEC2CB37F51003ACF11 /* Frameworks */ = {
			isa = PBXFrameworksBuildPhase;
			buildActionMask = 2147483647;
			files = (
			);
			runOnlyForDeploymentPostprocessing = 0;
		};
		F6727FF62CB37F51003ACF11 /* Frameworks */ = {
			isa = PBXFrameworksBuildPhase;
			buildActionMask = 2147483647;
			files = (
			);
			runOnlyForDeploymentPostprocessing = 0;
		};
/* End PBXFrameworksBuildPhase section */

/* Begin PBXGroup section */
		F6727FD02CB37F50003ACF11 = {
			isa = PBXGroup;
			children = (
				F6727FDB2CB37F50003ACF11 /* PokoroWebApp */,
				F6727FF22CB37F51003ACF11 /* PokoroWebAppTests */,
				F6727FFC2CB37F51003ACF11 /* PokoroWebAppUITests */,
				F6727FDA2CB37F50003ACF11 /* Products */,
			);
			sourceTree = "<group>";
		};
		F6727FDA2CB37F50003ACF11 /* Products */ = {
			isa = PBXGroup;
			children = (
				F6727FD92CB37F50003ACF11 /* PokoroWebApp.app */,
				F6727FEF2CB37F51003ACF11 /* PokoroWebAppTests.xctest */,
				F6727FF92CB37F51003ACF11 /* PokoroWebAppUITests.xctest */,
			);
			name = Products;
			sourceTree = "<group>";
		};
/* End PBXGroup section */

/* Begin PBXNativeTarget section */
		F6727FD82CB37F50003ACF11 /* PokoroWebApp */ = {
			isa = PBXNativeTarget;
			buildConfigurationList = F67280022CB37F51003ACF11 /* Build configuration list for PBXNativeTarget "PokoroWebApp" */;
			buildPhases = (
				F6727FD52CB37F50003ACF11 /* Sources */,
				F6727FD62CB37F50003ACF11 /* Frameworks */,
				F6727FD72CB37F50003ACF11 /* Resources */,
			);
			buildRules = (
			);
			dependencies = (
			);
			fileSystemSynchronizedGroups = (
				F6727FDB2CB37F50003ACF11 /* PokoroWebApp */,
			);
			name = PokoroWebApp;
			packageProductDependencies = (
			);
			productName = PokoroWebApp;
			productReference = F6727FD92CB37F50003ACF11 /* PokoroWebApp.app */;
			productType = "com.apple.product-type.application";
		};
		F6727FEE2CB37F51003ACF11 /* PokoroWebAppTests */ = {
			isa = PBXNativeTarget;
			buildConfigurationList = F67280072CB37F51003ACF11 /* Build configuration list for PBXNativeTarget "PokoroWebAppTests" */;
			buildPhases = (
				F6727FEB2CB37F51003ACF11 /* Sources */,
				F6727FEC2CB37F51003ACF11 /* Frameworks */,
				F6727FED2CB37F51003ACF11 /* Resources */,
			);
			buildRules = (
			);
			dependencies = (
				F6727FF12CB37F51003ACF11 /* PBXTargetDependency */,
			);
			fileSystemSynchronizedGroups = (
				F6727FF22CB37F51003ACF11 /* PokoroWebAppTests */,
			);
			name = PokoroWebAppTests;
			packageProductDependencies = (
			);
			productName = PokoroWebAppTests;
			productReference = F6727FEF2CB37F51003ACF11 /* PokoroWebAppTests.xctest */;
			productType = "com.apple.product-type.bundle.unit-test";
		};
		F6727FF82CB37F51003ACF11 /* PokoroWebAppUITests */ = {
			isa = PBXNativeTarget;
			buildConfigurationList = F672800A2CB37F51003ACF11 /* Build configuration list for PBXNativeTarget "PokoroWebAppUITests" */;
			buildPhases = (
				F6727FF52CB37F51003ACF11 /* Sources */,
				F6727FF62CB37F51003ACF11 /* Frameworks */,
				F6727FF72CB37F51003ACF11 /* Resources */,
			);
			buildRules = (
			);
			dependencies = (
				F6727FFB2CB37F51003ACF11 /* PBXTargetDependency */,
			);
			fileSystemSynchronizedGroups = (
				F6727FFC2CB37F51003ACF11 /* PokoroWebAppUITests */,
			);
			name = PokoroWebAppUITests;
			packageProductDependencies = (
			);
			productName = PokoroWebAppUITests;
			productReference = F6727FF92CB37F51003ACF11 /* PokoroWebAppUITests.xctest */;
			productType = "com.apple.product-type.bundle.ui-testing";
		};
/* End PBXNativeTarget section */

/* Begin PBXProject section */
		F6727FD12CB37F50003ACF11 /* Project object */ = {
			isa = PBXProject;
			attributes = {
				BuildIndependentTargetsInParallel = 1;
				LastSwiftUpdateCheck = 1600;
				LastUpgradeCheck = 1600;
				TargetAttributes = {
					F6727FD82CB37F50003ACF11 = {
						CreatedOnToolsVersion = 16.0;
					};
					F6727FEE2CB37F51003ACF11 = {
						CreatedOnToolsVersion = 16.0;
						TestTargetID = F6727FD82CB37F50003ACF11;
					};
					F6727FF82CB37F51003ACF11 = {
						CreatedOnToolsVersion = 16.0;
						TestTargetID = F6727FD82CB37F50003ACF11;
					};
				};
			};
			buildConfigurationList = F6727FD42CB37F50003ACF11 /* Build configuration list for PBXProject "PokoroWebApp" */;
			developmentRegion = en;
			hasScannedForEncodings = 0;
			knownRegions = (
				en,
				Base,
			);
			mainGroup = F6727FD02CB37F50003ACF11;
			minimizedProjectReferenceProxies = 1;
			preferredProjectObjectVersion = 77;
			productRefGroup = F6727FDA2CB37F50003ACF11 /* Products */;
			projectDirPath = "";
			projectRoot = "";
			targets = (
				F6727FD82CB37F50003ACF11 /* PokoroWebApp */,
				F6727FEE2CB37F51003ACF11 /* PokoroWebAppTests */,
				F6727FF82CB37F51003ACF11 /* PokoroWebAppUITests */,
			);
		};
/* End PBXProject section */

/* Begin PBXResourcesBuildPhase section */
		F6727FD72CB37F50003ACF11 /* Resources */ = {
			isa = PBXResourcesBuildPhase;
			buildActionMask = 2147483647;
			files = (
			);
			runOnlyForDeploymentPostprocessing = 0;
		};
		F6727FED2CB37F51003ACF11 /* Resources */ = {
			isa = PBXResourcesBuildPhase;
			buildActionMask = 2147483647;
			files = (
			);
			runOnlyForDeploymentPostprocessing = 0;
		};
		F6727FF72CB37F51003ACF11 /* Resources */ = {
			isa = PBXResourcesBuildPhase;
			buildActionMask = 2147483647;
			files = (
			);
			runOnlyForDeploymentPostprocessing = 0;
		};
/* End PBXResourcesBuildPhase section */

/* Begin PBXSourcesBuildPhase section */
		F6727FD52CB37F50003ACF11 /* Sources */ = {
			isa = PBXSourcesBuildPhase;
			buildActionMask = 2147483647;
			files = (
			);
			runOnlyForDeploymentPostprocessing = 0;
		};
		F6727FEB2CB37F51003ACF11 /* Sources */ = {
			isa = PBXSourcesBuildPhase;
			buildActionMask = 2147483647;
			files = (
			);
			runOnlyForDeploymentPostprocessing = 0;
		};
		F6727FF52CB37F51003ACF11 /* Sources */ = {
			isa = PBXSourcesBuildPhase;
			buildActionMask = 2147483647;
			files = (
			);
			runOnlyForDeploymentPostprocessing = 0;
		};
/* End PBXSourcesBuildPhase section */

/* Begin PBXTargetDependency section */
		F6727FF12CB37F51003ACF11 /* PBXTargetDependency */ = {
			isa = PBXTargetDependency;
			target = F6727FD82CB37F50003ACF11 /* PokoroWebApp */;
			targetProxy = F6727FF02CB37F51003ACF11 /* PBXContainerItemProxy */;
		};
		F6727FFB2CB37F51003ACF11 /* PBXTargetDependency */ = {
			isa = PBXTargetDependency;
			target = F6727FD82CB37F50003ACF11 /* PokoroWebApp */;
			targetProxy = F6727FFA2CB37F51003ACF11 /* PBXContainerItemProxy */;
		};
/* End PBXTargetDependency section */

/* Begin XCBuildConfiguration section */
		F67280032CB37F51003ACF11 /* Debug */ = {
			isa = XCBuildConfiguration;
			buildSettings = {
				ASSETCATALOG_COMPILER_APPICON_NAME = AppIcon;
				ASSETCATALOG_COMPILER_GLOBAL_ACCENT_COLOR_NAME = AccentColor;
				CODE_SIGN_STYLE = Automatic;
				CURRENT_PROJECT_VERSION = 1;
				DEVELOPMENT_TEAM = K2APH36C6M;
				GENERATE_INFOPLIST_FILE = YES;
				INFOPLIST_FILE = PokoroWebApp/Info.plist;
				INFOPLIST_KEY_UIApplicationSupportsIndirectInputEvents = YES;
				INFOPLIST_KEY_UILaunchStoryboardName = LaunchScreen;
				INFOPLIST_KEY_UIMainStoryboardFile = Main;
				INFOPLIST_KEY_UISupportedInterfaceOrientations_iPad = "UIInterfaceOrientationPortrait UIInterfaceOrientationPortraitUpsideDown UIInterfaceOrientationLandscapeLeft UIInterfaceOrientationLandscapeRight";
				INFOPLIST_KEY_UISupportedInterfaceOrientations_iPhone = "UIInterfaceOrientationPortrait UIInterfaceOrientationLandscapeLeft UIInterfaceOrientationLandscapeRight";
				LD_RUNPATH_SEARCH_PATHS = (
					"$(inherited)",
					"@executable_path/Frameworks",
				);
				MARKETING_VERSION = 1.0;
				PRODUCT_BUNDLE_IDENTIFIER = com.PokoroWebApp;
				PRODUCT_NAME = "$(TARGET_NAME)";
				SWIFT_EMIT_LOC_STRINGS = YES;
				SWIFT_VERSION = 5.0;
				TARGETED_DEVICE_FAMILY = "1,2";
			};
			name = Debug;
		};
		F67280042CB37F51003ACF11 /* Release */ = {
			isa = XCBuildConfiguration;
			buildSettings = {
				ASSETCATALOG_COMPILER_APPICON_NAME = AppIcon;
				ASSETCATALOG_COMPILER_GLOBAL_ACCENT_COLOR_NAME = AccentColor;
				CODE_SIGN_STYLE = Automatic;
				CURRENT_PROJECT_VERSION = 1;
				DEVELOPMENT_TEAM = K2APH36C6M;
				GENERATE_INFOPLIST_FILE = YES;
				INFOPLIST_FILE = PokoroWebApp/Info.plist;
				INFOPLIST_KEY_UIApplicationSupportsIndirectInputEvents = YES;
				INFOPLIST_KEY_UILaunchStoryboardName = LaunchScreen;
				INFOPLIST_KEY_UIMainStoryboardFile = Main;
				INFOPLIST_KEY_UISupportedInterfaceOrientations_iPad = "UIInterfaceOrientationPortrait UIInterfaceOrientationPortraitUpsideDown UIInterfaceOrientationLandscapeLeft UIInterfaceOrientationLandscapeRight";
				INFOPLIST_KEY_UISupportedInterfaceOrientations_iPhone = "UIInterfaceOrientationPortrait UIInterfaceOrientationLandscapeLeft UIInterfaceOrientationLandscapeRight";
				LD_RUNPATH_SEARCH_PATHS = (
					"$(inherited)",
					"@executable_path/Frameworks",
				);
				MARKETING_VERSION = 1.0;
				PRODUCT_BUNDLE_IDENTIFIER = com.PokoroWebApp;
				PRODUCT_NAME = "$(TARGET_NAME)";
				SWIFT_EMIT_LOC_STRINGS = YES;
				SWIFT_VERSION = 5.0;
				TARGETED_DEVICE_FAMILY = "1,2";
			};
			name = Release;
		};
		F67280052CB37F51003ACF11 /* Debug */ = {
			isa = XCBuildConfiguration;
			buildSettings = {
				ALWAYS_SEARCH_USER_PATHS = NO;
				ASSETCATALOG_COMPILER_GENERATE_SWIFT_ASSET_SYMBOL_EXTENSIONS = YES;
				CLANG_ANALYZER_NONNULL = YES;
				CLANG_ANALYZER_NUMBER_OBJECT_CONVERSION = YES_AGGRESSIVE;
				CLANG_CXX_LANGUAGE_STANDARD = "gnu++20";
				CLANG_ENABLE_MODULES = YES;
				CLANG_ENABLE_OBJC_ARC = YES;
				CLANG_ENABLE_OBJC_WEAK = YES;
				CLANG_WARN_BLOCK_CAPTURE_AUTORELEASING = YES;
				CLANG_WARN_BOOL_CONVERSION = YES;
				CLANG_WARN_COMMA = YES;
				CLANG_WARN_CONSTANT_CONVERSION = YES;
				CLANG_WARN_DEPRECATED_OBJC_IMPLEMENTATIONS = YES;
				CLANG_WARN_DIRECT_OBJC_ISA_USAGE = YES_ERROR;
				CLANG_WARN_DOCUMENTATION_COMMENTS = YES;
				CLANG_WARN_EMPTY_BODY = YES;
				CLANG_WARN_ENUM_CONVERSION = YES;
				CLANG_WARN_INFINITE_RECURSION = YES;
				CLANG_WARN_INT_CONVERSION = YES;
				CLANG_WARN_NON_LITERAL_NULL_CONVERSION = YES;
				CLANG_WARN_OBJC_IMPLICIT_RETAIN_SELF = YES;
				CLANG_WARN_OBJC_LITERAL_CONVERSION = YES;
				CLANG_WARN_OBJC_ROOT_CLASS = YES_ERROR;
				CLANG_WARN_QUOTED_INCLUDE_IN_FRAMEWORK_HEADER = YES;
				CLANG_WARN_RANGE_LOOP_ANALYSIS = YES;
				CLANG_WARN_STRICT_PROTOTYPES = YES;
				CLANG_WARN_SUSPICIOUS_MOVE = YES;
				CLANG_WARN_UNGUARDED_AVAILABILITY = YES_AGGRESSIVE;
				CLANG_WARN_UNREACHABLE_CODE = YES;
				CLANG_WARN__DUPLICATE_METHOD_MATCH = YES;
				COPY_PHASE_STRIP = NO;
				DEBUG_INFORMATION_FORMAT = dwarf;
				ENABLE_STRICT_OBJC_MSGSEND = YES;
				ENABLE_TESTABILITY = YES;
				ENABLE_USER_SCRIPT_SANDBOXING = YES;
				GCC_C_LANGUAGE_STANDARD = gnu17;
				GCC_DYNAMIC_NO_PIC = NO;
				GCC_NO_COMMON_BLOCKS = YES;
				GCC_OPTIMIZATION_LEVEL = 0;
				GCC_PREPROCESSOR_DEFINITIONS = (
					"DEBUG=1",
					"$(inherited)",
				);
				GCC_WARN_64_TO_32_BIT_CONVERSION = YES;
				GCC_WARN_ABOUT_RETURN_TYPE = YES_ERROR;
				GCC_WARN_UNDECLARED_SELECTOR = YES;
				GCC_WARN_UNINITIALIZED_AUTOS = YES_AGGRESSIVE;
				GCC_WARN_UNUSED_FUNCTION = YES;
				GCC_WARN_UNUSED_VARIABLE = YES;
				IPHONEOS_DEPLOYMENT_TARGET = 18.0;
				LOCALIZATION_PREFERS_STRING_CATALOGS = YES;
				MTL_ENABLE_DEBUG_INFO = INCLUDE_SOURCE;
				MTL_FAST_MATH = YES;
				ONLY_ACTIVE_ARCH = YES;
				SDKROOT = iphoneos;
				SWIFT_ACTIVE_COMPILATION_CONDITIONS = "DEBUG $(inherited)";
				SWIFT_OPTIMIZATION_LEVEL = "-Onone";
			};
			name = Debug;
		};
		F67280062CB37F51003ACF11 /* Release */ = {
			isa = XCBuildConfiguration;
			buildSettings = {
				ALWAYS_SEARCH_USER_PATHS = NO;
				ASSETCATALOG_COMPILER_GENERATE_SWIFT_ASSET_SYMBOL_EXTENSIONS = YES;
				CLANG_ANALYZER_NONNULL = YES;
				CLANG_ANALYZER_NUMBER_OBJECT_CONVERSION = YES_AGGRESSIVE;
				CLANG_CXX_LANGUAGE_STANDARD = "gnu++20";
				CLANG_ENABLE_MODULES = YES;
				CLANG_ENABLE_OBJC_ARC = YES;
				CLANG_ENABLE_OBJC_WEAK = YES;
				CLANG_WARN_BLOCK_CAPTURE_AUTORELEASING = YES;
				CLANG_WARN_BOOL_CONVERSION = YES;
				CLANG_WARN_COMMA = YES;
				CLANG_WARN_CONSTANT_CONVERSION = YES;
				CLANG_WARN_DEPRECATED_OBJC_IMPLEMENTATIONS = YES;
				CLANG_WARN_DIRECT_OBJC_ISA_USAGE = YES_ERROR;
				CLANG_WARN_DOCUMENTATION_COMMENTS = YES;
				CLANG_WARN_EMPTY_BODY = YES;
				CLANG_WARN_ENUM_CONVERSION = YES;
				CLANG_WARN_INFINITE_RECURSION = YES;
				CLANG_WARN_INT_CONVERSION = YES;
				CLANG_WARN_NON_LITERAL_NULL_CONVERSION = YES;
				CLANG_WARN_OBJC_IMPLICIT_RETAIN_SELF = YES;
				CLANG_WARN_OBJC_LITERAL_CONVERSION = YES;
				CLANG_WARN_OBJC_ROOT_CLASS = YES_ERROR;
				CLANG_WARN_QUOTED_INCLUDE_IN_FRAMEWORK_HEADER = YES;
				CLANG_WARN_RANGE_LOOP_ANALYSIS = YES;
				CLANG_WARN_STRICT_PROTOTYPES = YES;
				CLANG_WARN_SUSPICIOUS_MOVE = YES;
				CLANG_WARN_UNGUARDED_AVAILABILITY = YES_AGGRESSIVE;
				CLANG_WARN_UNREACHABLE_CODE = YES;
				CLANG_WARN__DUPLICATE_METHOD_MATCH = YES;
				COPY_PHASE_STRIP = NO;
				DEBUG_INFORMATION_FORMAT = "dwarf-with-dsym";
				ENABLE_NS_ASSERTIONS = NO;
				ENABLE_STRICT_OBJC_MSGSEND = YES;
				ENABLE_USER_SCRIPT_SANDBOXING = YES;
				GCC_C_LANGUAGE_STANDARD = gnu17;
				GCC_NO_COMMON_BLOCKS = YES;
				GCC_WARN_64_TO_32_BIT_CONVERSION = YES;
				GCC_WARN_ABOUT_RETURN_TYPE = YES_ERROR;
				GCC_WARN_UNDECLARED_SELECTOR = YES;
				GCC_WARN_UNINITIALIZED_AUTOS = YES_AGGRESSIVE;
				GCC_WARN_UNUSED_FUNCTION = YES;
				GCC_WARN_UNUSED_VARIABLE = YES;
				IPHONEOS_DEPLOYMENT_TARGET = 18.0;
				LOCALIZATION_PREFERS_STRING_CATALOGS = YES;
				MTL_ENABLE_DEBUG_INFO = NO;
				MTL_FAST_MATH = YES;
				SDKROOT = iphoneos;
				SWIFT_COMPILATION_MODE = wholemodule;
				VALIDATE_PRODUCT = YES;
			};
			name = Release;
		};
		F67280082CB37F51003ACF11 /* Debug */ = {
			isa = XCBuildConfiguration;
			buildSettings = {
				BUNDLE_LOADER = "$(TEST_HOST)";
				CODE_SIGN_STYLE = Automatic;
				CURRENT_PROJECT_VERSION = 1;
				DEVELOPMENT_TEAM = K2APH36C6M;
				GENERATE_INFOPLIST_FILE = YES;
				IPHONEOS_DEPLOYMENT_TARGET = 18.0;
				MARKETING_VERSION = 1.0;
				PRODUCT_BUNDLE_IDENTIFIER = com.PokoroWebAppTests;
				PRODUCT_NAME = "$(TARGET_NAME)";
				SWIFT_EMIT_LOC_STRINGS = NO;
				SWIFT_VERSION = 5.0;
				TARGETED_DEVICE_FAMILY = "1,2";
				TEST_HOST = "$(BUILT_PRODUCTS_DIR)/PokoroWebApp.app/$(BUNDLE_EXECUTABLE_FOLDER_PATH)/PokoroWebApp";
			};
			name = Debug;
		};
		F67280092CB37F51003ACF11 /* Release */ = {
			isa = XCBuildConfiguration;
			buildSettings = {
				BUNDLE_LOADER = "$(TEST_HOST)";
				CODE_SIGN_STYLE = Automatic;
				CURRENT_PROJECT_VERSION = 1;
				DEVELOPMENT_TEAM = K2APH36C6M;
				GENERATE_INFOPLIST_FILE = YES;
				IPHONEOS_DEPLOYMENT_TARGET = 18.0;
				MARKETING_VERSION = 1.0;
				PRODUCT_BUNDLE_IDENTIFIER = com.PokoroWebAppTests;
				PRODUCT_NAME = "$(TARGET_NAME)";
				SWIFT_EMIT_LOC_STRINGS = NO;
				SWIFT_VERSION = 5.0;
				TARGETED_DEVICE_FAMILY = "1,2";
				TEST_HOST = "$(BUILT_PRODUCTS_DIR)/PokoroWebApp.app/$(BUNDLE_EXECUTABLE_FOLDER_PATH)/PokoroWebApp";
			};
			name = Release;
		};
		F672800B2CB37F51003ACF11 /* Debug */ = {
			isa = XCBuildConfiguration;
			buildSettings = {
				CODE_SIGN_STYLE = Automatic;
				CURRENT_PROJECT_VERSION = 1;
				DEVELOPMENT_TEAM = K2APH36C6M;
				GENERATE_INFOPLIST_FILE = YES;
				MARKETING_VERSION = 1.0;
				PRODUCT_BUNDLE_IDENTIFIER = com.PokoroWebAppUITests;
				PRODUCT_NAME = "$(TARGET_NAME)";
				SWIFT_EMIT_LOC_STRINGS = NO;
				SWIFT_VERSION = 5.0;
				TARGETED_DEVICE_FAMILY = "1,2";
				TEST_TARGET_NAME = PokoroWebApp;
			};
			name = Debug;
		};
		F672800C2CB37F51003ACF11 /* Release */ = {
			isa = XCBuildConfiguration;
			buildSettings = {
				CODE_SIGN_STYLE = Automatic;
				CURRENT_PROJECT_VERSION = 1;
				DEVELOPMENT_TEAM = K2APH36C6M;
				GENERATE_INFOPLIST_FILE = YES;
				MARKETING_VERSION = 1.0;
				PRODUCT_BUNDLE_IDENTIFIER = com.PokoroWebAppUITests;
				PRODUCT_NAME = "$(TARGET_NAME)";
				SWIFT_EMIT_LOC_STRINGS = NO;
				SWIFT_VERSION = 5.0;
				TARGETED_DEVICE_FAMILY = "1,2";
				TEST_TARGET_NAME = PokoroWebApp;
			};
			name = Release;
		};
/* End XCBuildConfiguration section */

/* Begin XCConfigurationList section */
		F6727FD42CB37F50003ACF11 /* Build configuration list for PBXProject "PokoroWebApp" */ = {
			isa = XCConfigurationList;
			buildConfigurations = (
				F67280052CB37F51003ACF11 /* Debug */,
				F67280062CB37F51003ACF11 /* Release */,
			);
			defaultConfigurationIsVisible = 0;
			defaultConfigurationName = Release;
		};
		F67280022CB37F51003ACF11 /* Build configuration list for PBXNativeTarget "PokoroWebApp" */ = {
			isa = XCConfigurationList;
			buildConfigurations = (
				F67280032CB37F51003ACF11 /* Debug */,
				F67280042CB37F51003ACF11 /* Release */,
			);
			defaultConfigurationIsVisible = 0;
			defaultConfigurationName = Release;
		};
		F67280072CB37F51003ACF11 /* Build configuration list for PBXNativeTarget "PokoroWebAppTests" */ = {
			isa = XCConfigurationList;
			buildConfigurations = (
				F67280082CB37F51003ACF11 /* Debug */,
				F67280092CB37F51003ACF11 /* Release */,
			);
			defaultConfigurationIsVisible = 0;
			defaultConfigurationName = Release;
		};
		F672800A2CB37F51003ACF11 /* Build configuration list for PBXNativeTarget "PokoroWebAppUITests" */ = {
			isa = XCConfigurationList;
			buildConfigurations = (
				F672800B2CB37F51003ACF11 /* Debug */,
				F672800C2CB37F51003ACF11 /* Release */,
			);
			defaultConfigurationIsVisible = 0;
			defaultConfigurationName = Release;
		};
/* End XCConfigurationList section */
	};
	rootObject = F6727FD12CB37F50003ACF11 /* Project object */;
}
